// !$*UTF8*$!
{
	archiveVersion = 1;
	classes = {
	};
	objectVersion = 50;
	objects = {

/* Begin PBXBuildFile section */
		F3D012F52592866B006903AC /* Wrapping_Paper_CalculatorApp.swift in Sources */ = {isa = PBXBuildFile; fileRef = F3D012E22592866A006903AC /* Wrapping_Paper_CalculatorApp.swift */; };
		F3D012F62592866B006903AC /* Wrapping_Paper_CalculatorApp.swift in Sources */ = {isa = PBXBuildFile; fileRef = F3D012E22592866A006903AC /* Wrapping_Paper_CalculatorApp.swift */; };
		F3D012F72592866B006903AC /* ContentView.swift in Sources */ = {isa = PBXBuildFile; fileRef = F3D012E32592866A006903AC /* ContentView.swift */; };
		F3D012F82592866B006903AC /* ContentView.swift in Sources */ = {isa = PBXBuildFile; fileRef = F3D012E32592866A006903AC /* ContentView.swift */; };
		F3D012F92592866B006903AC /* Assets.xcassets in Resources */ = {isa = PBXBuildFile; fileRef = F3D012E42592866B006903AC /* Assets.xcassets */; };
		F3D012FA2592866B006903AC /* Assets.xcassets in Resources */ = {isa = PBXBuildFile; fileRef = F3D012E42592866B006903AC /* Assets.xcassets */; };
/* End PBXBuildFile section */

/* Begin PBXFileReference section */
		F3D012E22592866A006903AC /* Wrapping_Paper_CalculatorApp.swift */ = {isa = PBXFileReference; lastKnownFileType = sourcecode.swift; path = Wrapping_Paper_CalculatorApp.swift; sourceTree = "<group>"; };
		F3D012E32592866A006903AC /* ContentView.swift */ = {isa = PBXFileReference; lastKnownFileType = sourcecode.swift; path = ContentView.swift; sourceTree = "<group>"; };
		F3D012E42592866B006903AC /* Assets.xcassets */ = {isa = PBXFileReference; lastKnownFileType = folder.assetcatalog; path = Assets.xcassets; sourceTree = "<group>"; };
		F3D012E92592866B006903AC /* Wrapping Paper Calculator.app */ = {isa = PBXFileReference; explicitFileType = wrapper.application; includeInIndex = 0; path = "Wrapping Paper Calculator.app"; sourceTree = BUILT_PRODUCTS_DIR; };
		F3D012EC2592866B006903AC /* Info.plist */ = {isa = PBXFileReference; lastKnownFileType = text.plist.xml; path = Info.plist; sourceTree = "<group>"; };
		F3D012F12592866B006903AC /* Wrapping Paper Calculator.app */ = {isa = PBXFileReference; explicitFileType = wrapper.application; includeInIndex = 0; path = "Wrapping Paper Calculator.app"; sourceTree = BUILT_PRODUCTS_DIR; };
		F3D012F32592866B006903AC /* Info.plist */ = {isa = PBXFileReference; lastKnownFileType = text.plist.xml; path = Info.plist; sourceTree = "<group>"; };
		F3D012F42592866B006903AC /* macOS.entitlements */ = {isa = PBXFileReference; lastKnownFileType = text.plist.entitlements; path = macOS.entitlements; sourceTree = "<group>"; };
/* End PBXFileReference section */

/* Begin PBXFrameworksBuildPhase section */
		F3D012E62592866B006903AC /* Frameworks */ = {
			isa = PBXFrameworksBuildPhase;
			buildActionMask = 2147483647;
			files = (
			);
			runOnlyForDeploymentPostprocessing = 0;
		};
		F3D012EE2592866B006903AC /* Frameworks */ = {
			isa = PBXFrameworksBuildPhase;
			buildActionMask = 2147483647;
			files = (
			);
			runOnlyForDeploymentPostprocessing = 0;
		};
/* End PBXFrameworksBuildPhase section */

/* Begin PBXGroup section */
		F3D012DC2592866A006903AC = {
			isa = PBXGroup;
			children = (
				F3D012E12592866A006903AC /* Shared */,
				F3D012EB2592866B006903AC /* iOS */,
				F3D012F22592866B006903AC /* macOS */,
				F3D012EA2592866B006903AC /* Products */,
			);
			sourceTree = "<group>";
		};
		F3D012E12592866A006903AC /* Shared */ = {
			isa = PBXGroup;
			children = (
				F3D012E22592866A006903AC /* Wrapping_Paper_CalculatorApp.swift */,
				F3D012E32592866A006903AC /* ContentView.swift */,
				F3D012E42592866B006903AC /* Assets.xcassets */,
			);
			path = Shared;
			sourceTree = "<group>";
		};
		F3D012EA2592866B006903AC /* Products */ = {
			isa = PBXGroup;
			children = (
				F3D012E92592866B006903AC /* Wrapping Paper Calculator.app */,
				F3D012F12592866B006903AC /* Wrapping Paper Calculator.app */,
			);
			name = Products;
			sourceTree = "<group>";
		};
		F3D012EB2592866B006903AC /* iOS */ = {
			isa = PBXGroup;
			children = (
				F3D012EC2592866B006903AC /* Info.plist */,
			);
			path = iOS;
			sourceTree = "<group>";
		};
		F3D012F22592866B006903AC /* macOS */ = {
			isa = PBXGroup;
			children = (
				F3D012F32592866B006903AC /* Info.plist */,
				F3D012F42592866B006903AC /* macOS.entitlements */,
			);
			path = macOS;
			sourceTree = "<group>";
		};
/* End PBXGroup section */

/* Begin PBXNativeTarget section */
		F3D012E82592866B006903AC /* Wrapping Paper Calculator (iOS) */ = {
			isa = PBXNativeTarget;
			buildConfigurationList = F3D012FD2592866B006903AC /* Build configuration list for PBXNativeTarget "Wrapping Paper Calculator (iOS)" */;
			buildPhases = (
				F3D012E52592866B006903AC /* Sources */,
				F3D012E62592866B006903AC /* Frameworks */,
				F3D012E72592866B006903AC /* Resources */,
			);
			buildRules = (
			);
			dependencies = (
			);
			name = "Wrapping Paper Calculator (iOS)";
			productName = "Wrapping Paper Calculator (iOS)";
			productReference = F3D012E92592866B006903AC /* Wrapping Paper Calculator.app */;
			productType = "com.apple.product-type.application";
		};
		F3D012F02592866B006903AC /* Wrapping Paper Calculator (macOS) */ = {
			isa = PBXNativeTarget;
			buildConfigurationList = F3D013002592866B006903AC /* Build configuration list for PBXNativeTarget "Wrapping Paper Calculator (macOS)" */;
			buildPhases = (
				F3D012ED2592866B006903AC /* Sources */,
				F3D012EE2592866B006903AC /* Frameworks */,
				F3D012EF2592866B006903AC /* Resources */,
			);
			buildRules = (
			);
			dependencies = (
			);
			name = "Wrapping Paper Calculator (macOS)";
			productName = "Wrapping Paper Calculator (macOS)";
			productReference = F3D012F12592866B006903AC /* Wrapping Paper Calculator.app */;
			productType = "com.apple.product-type.application";
		};
/* End PBXNativeTarget section */

/* Begin PBXProject section */
		F3D012DD2592866A006903AC /* Project object */ = {
			isa = PBXProject;
			attributes = {
				LastSwiftUpdateCheck = 1230;
				LastUpgradeCheck = 1230;
				TargetAttributes = {
					F3D012E82592866B006903AC = {
						CreatedOnToolsVersion = 12.3;
					};
					F3D012F02592866B006903AC = {
						CreatedOnToolsVersion = 12.3;
					};
				};
			};
			buildConfigurationList = F3D012E02592866A006903AC /* Build configuration list for PBXProject "Wrapping Paper Calculator" */;
			compatibilityVersion = "Xcode 9.3";
			developmentRegion = en;
			hasScannedForEncodings = 0;
			knownRegions = (
				en,
				Base,
			);
			mainGroup = F3D012DC2592866A006903AC;
			productRefGroup = F3D012EA2592866B006903AC /* Products */;
			projectDirPath = "";
			projectRoot = "";
			targets = (
				F3D012E82592866B006903AC /* Wrapping Paper Calculator (iOS) */,
				F3D012F02592866B006903AC /* Wrapping Paper Calculator (macOS) */,
			);
		};
/* End PBXProject section */

/* Begin PBXResourcesBuildPhase section */
		F3D012E72592866B006903AC /* Resources */ = {
			isa = PBXResourcesBuildPhase;
			buildActionMask = 2147483647;
			files = (
				F3D012F92592866B006903AC /* Assets.xcassets in Resources */,
			);
			runOnlyForDeploymentPostprocessing = 0;
		};
		F3D012EF2592866B006903AC /* Resources */ = {
			isa = PBXResourcesBuildPhase;
			buildActionMask = 2147483647;
			files = (
				F3D012FA2592866B006903AC /* Assets.xcassets in Resources */,
			);
			runOnlyForDeploymentPostprocessing = 0;
		};
/* End PBXResourcesBuildPhase section */

/* Begin PBXSourcesBuildPhase section */
		F3D012E52592866B006903AC /* Sources */ = {
			isa = PBXSourcesBuildPhase;
			buildActionMask = 2147483647;
			files = (
				F3D012F72592866B006903AC /* ContentView.swift in Sources */,
				F3D012F52592866B006903AC /* Wrapping_Paper_CalculatorApp.swift in Sources */,
			);
			runOnlyForDeploymentPostprocessing = 0;
		};
		F3D012ED2592866B006903AC /* Sources */ = {
			isa = PBXSourcesBuildPhase;
			buildActionMask = 2147483647;
			files = (
				F3D012F82592866B006903AC /* ContentView.swift in Sources */,
				F3D012F62592866B006903AC /* Wrapping_Paper_CalculatorApp.swift in Sources */,
			);
			runOnlyForDeploymentPostprocessing = 0;
		};
/* End PBXSourcesBuildPhase section */

/* Begin XCBuildConfiguration section */
		F3D012FB2592866B006903AC /* Debug */ = {
			isa = XCBuildConfiguration;
			buildSettings = {
				ALWAYS_SEARCH_USER_PATHS = NO;
				CLANG_ANALYZER_NONNULL = YES;
				CLANG_ANALYZER_NUMBER_OBJECT_CONVERSION = YES_AGGRESSIVE;
				CLANG_CXX_LANGUAGE_STANDARD = "gnu++14";
				CLANG_CXX_LIBRARY = "libc++";
				CLANG_ENABLE_MODULES = YES;
				CLANG_ENABLE_OBJC_ARC = YES;
				CLANG_ENABLE_OBJC_WEAK = YES;
				CLANG_WARN_BLOCK_CAPTURE_AUTORELEASING = YES;
				CLANG_WARN_BOOL_CONVERSION = YES;
				CLANG_WARN_COMMA = YES;
				CLANG_WARN_CONSTANT_CONVERSION = YES;
				CLANG_WARN_DEPRECATED_OBJC_IMPLEMENTATIONS = YES;
				CLANG_WARN_DIRECT_OBJC_ISA_USAGE = YES_ERROR;
				CLANG_WARN_DOCUMENTATION_COMMENTS = YES;
				CLANG_WARN_EMPTY_BODY = YES;
				CLANG_WARN_ENUM_CONVERSION = YES;
				CLANG_WARN_INFINITE_RECURSION = YES;
				CLANG_WARN_INT_CONVERSION = YES;
				CLANG_WARN_NON_LITERAL_NULL_CONVERSION = YES;
				CLANG_WARN_OBJC_IMPLICIT_RETAIN_SELF = YES;
				CLANG_WARN_OBJC_LITERAL_CONVERSION = YES;
				CLANG_WARN_OBJC_ROOT_CLASS = YES_ERROR;
				CLANG_WARN_QUOTED_INCLUDE_IN_FRAMEWORK_HEADER = YES;
				CLANG_WARN_RANGE_LOOP_ANALYSIS = YES;
				CLANG_WARN_STRICT_PROTOTYPES = YES;
				CLANG_WARN_SUSPICIOUS_MOVE = YES;
				CLANG_WARN_UNGUARDED_AVAILABILITY = YES_AGGRESSIVE;
				CLANG_WARN_UNREACHABLE_CODE = YES;
				CLANG_WARN__DUPLICATE_METHOD_MATCH = YES;
				COPY_PHASE_STRIP = NO;
				DEBUG_INFORMATION_FORMAT = dwarf;
				ENABLE_STRICT_OBJC_MSGSEND = YES;
				ENABLE_TESTABILITY = YES;
				GCC_C_LANGUAGE_STANDARD = gnu11;
				GCC_DYNAMIC_NO_PIC = NO;
				GCC_NO_COMMON_BLOCKS = YES;
				GCC_OPTIMIZATION_LEVEL = 0;
				GCC_PREPROCESSOR_DEFINITIONS = (
					"DEBUG=1",
					"$(inherited)",
				);
				GCC_WARN_64_TO_32_BIT_CONVERSION = YES;
				GCC_WARN_ABOUT_RETURN_TYPE = YES_ERROR;
				GCC_WARN_UNDECLARED_SELECTOR = YES;
				GCC_WARN_UNINITIALIZED_AUTOS = YES_AGGRESSIVE;
				GCC_WARN_UNUSED_FUNCTION = YES;
				GCC_WARN_UNUSED_VARIABLE = YES;
				MTL_ENABLE_DEBUG_INFO = INCLUDE_SOURCE;
				MTL_FAST_MATH = YES;
				ONLY_ACTIVE_ARCH = YES;
				SWIFT_ACTIVE_COMPILATION_CONDITIONS = DEBUG;
				SWIFT_OPTIMIZATION_LEVEL = "-Onone";
			};
			name = Debug;
		};
		F3D012FC2592866B006903AC /* Release */ = {
			isa = XCBuildConfiguration;
			buildSettings = {
				ALWAYS_SEARCH_USER_PATHS = NO;
				CLANG_ANALYZER_NONNULL = YES;
				CLANG_ANALYZER_NUMBER_OBJECT_CONVERSION = YES_AGGRESSIVE;
				CLANG_CXX_LANGUAGE_STANDARD = "gnu++14";
				CLANG_CXX_LIBRARY = "libc++";
				CLANG_ENABLE_MODULES = YES;
				CLANG_ENABLE_OBJC_ARC = YES;
				CLANG_ENABLE_OBJC_WEAK = YES;
				CLANG_WARN_BLOCK_CAPTURE_AUTORELEASING = YES;
				CLANG_WARN_BOOL_CONVERSION = YES;
				CLANG_WARN_COMMA = YES;
				CLANG_WARN_CONSTANT_CONVERSION = YES;
				CLANG_WARN_DEPRECATED_OBJC_IMPLEMENTATIONS = YES;
				CLANG_WARN_DIRECT_OBJC_ISA_USAGE = YES_ERROR;
				CLANG_WARN_DOCUMENTATION_COMMENTS = YES;
				CLANG_WARN_EMPTY_BODY = YES;
				CLANG_WARN_ENUM_CONVERSION = YES;
				CLANG_WARN_INFINITE_RECURSION = YES;
				CLANG_WARN_INT_CONVERSION = YES;
				CLANG_WARN_NON_LITERAL_NULL_CONVERSION = YES;
				CLANG_WARN_OBJC_IMPLICIT_RETAIN_SELF = YES;
				CLANG_WARN_OBJC_LITERAL_CONVERSION = YES;
				CLANG_WARN_OBJC_ROOT_CLASS = YES_ERROR;
				CLANG_WARN_QUOTED_INCLUDE_IN_FRAMEWORK_HEADER = YES;
				CLANG_WARN_RANGE_LOOP_ANALYSIS = YES;
				CLANG_WARN_STRICT_PROTOTYPES = YES;
				CLANG_WARN_SUSPICIOUS_MOVE = YES;
				CLANG_WARN_UNGUARDED_AVAILABILITY = YES_AGGRESSIVE;
				CLANG_WARN_UNREACHABLE_CODE = YES;
				CLANG_WARN__DUPLICATE_METHOD_MATCH = YES;
				COPY_PHASE_STRIP = NO;
				DEBUG_INFORMATION_FORMAT = "dwarf-with-dsym";
				ENABLE_NS_ASSERTIONS = NO;
				ENABLE_STRICT_OBJC_MSGSEND = YES;
				GCC_C_LANGUAGE_STANDARD = gnu11;
				GCC_NO_COMMON_BLOCKS = YES;
				GCC_WARN_64_TO_32_BIT_CONVERSION = YES;
				GCC_WARN_ABOUT_RETURN_TYPE = YES_ERROR;
				GCC_WARN_UNDECLARED_SELECTOR = YES;
				GCC_WARN_UNINITIALIZED_AUTOS = YES_AGGRESSIVE;
				GCC_WARN_UNUSED_FUNCTION = YES;
				GCC_WARN_UNUSED_VARIABLE = YES;
				MTL_ENABLE_DEBUG_INFO = NO;
				MTL_FAST_MATH = YES;
				SWIFT_COMPILATION_MODE = wholemodule;
				SWIFT_OPTIMIZATION_LEVEL = "-O";
			};
			name = Release;
		};
		F3D012FE2592866B006903AC /* Debug */ = {
			isa = XCBuildConfiguration;
			buildSettings = {
				ASSETCATALOG_COMPILER_APPICON_NAME = AppIcon;
				ASSETCATALOG_COMPILER_GLOBAL_ACCENT_COLOR_NAME = AccentColor;
				CODE_SIGN_STYLE = Automatic;
				DEVELOPMENT_TEAM = 8SY9TK4CFL;
				ENABLE_PREVIEWS = YES;
				INFOPLIST_FILE = iOS/Info.plist;
				IPHONEOS_DEPLOYMENT_TARGET = 14.0;
				LD_RUNPATH_SEARCH_PATHS = (
					"$(inherited)",
					"@executable_path/Frameworks",
				);
				PRODUCT_BUNDLE_IDENTIFIER = "self.Wrapping-Paper-Calculator";
				PRODUCT_NAME = "Wrapping Paper Calculator";
				SDKROOT = iphoneos;
				SWIFT_VERSION = 5.0;
				TARGETED_DEVICE_FAMILY = "1,2";
			};
			name = Debug;
		};
		F3D012FF2592866B006903AC /* Release */ = {
			isa = XCBuildConfiguration;
			buildSettings = {
				ASSETCATALOG_COMPILER_APPICON_NAME = AppIcon;
				ASSETCATALOG_COMPILER_GLOBAL_ACCENT_COLOR_NAME = AccentColor;
				CODE_SIGN_STYLE = Automatic;
				DEVELOPMENT_TEAM = 8SY9TK4CFL;
				ENABLE_PREVIEWS = YES;
				INFOPLIST_FILE = iOS/Info.plist;
				IPHONEOS_DEPLOYMENT_TARGET = 14.0;
				LD_RUNPATH_SEARCH_PATHS = (
					"$(inherited)",
					"@executable_path/Frameworks",
				);
				PRODUCT_BUNDLE_IDENTIFIER = "self.Wrapping-Paper-Calculator";
				PRODUCT_NAME = "Wrapping Paper Calculator";
				SDKROOT = iphoneos;
				SWIFT_VERSION = 5.0;
				TARGETED_DEVICE_FAMILY = "1,2";
				VALIDATE_PRODUCT = YES;
			};
			name = Release;
		};
		F3D013012592866B006903AC /* Debug */ = {
			isa = XCBuildConfiguration;
			buildSettings = {
				ASSETCATALOG_COMPILER_APPICON_NAME = AppIcon;
				ASSETCATALOG_COMPILER_GLOBAL_ACCENT_COLOR_NAME = AccentColor;
				CODE_SIGN_ENTITLEMENTS = macOS/macOS.entitlements;
				CODE_SIGN_STYLE = Automatic;
				COMBINE_HIDPI_IMAGES = YES;
				DEVELOPMENT_TEAM = 8SY9TK4CFL;
				ENABLE_HARDENED_RUNTIME = YES;
				ENABLE_PREVIEWS = YES;
				INFOPLIST_FILE = macOS/Info.plist;
				LD_RUNPATH_SEARCH_PATHS = (
					"$(inherited)",
					"@executable_path/../Frameworks",
				);
				MACOSX_DEPLOYMENT_TARGET = 11.0;
				PRODUCT_BUNDLE_IDENTIFIER = "self.Wrapping-Paper-Calculator";
				PRODUCT_NAME = "Wrapping Paper Calculator";
				SDKROOT = macosx;
				SWIFT_VERSION = 5.0;
			};
			name = Debug;
		};
		F3D013022592866B006903AC /* Release */ = {
			isa = XCBuildConfiguration;
			buildSettings = {
				ASSETCATALOG_COMPILER_APPICON_NAME = AppIcon;
				ASSETCATALOG_COMPILER_GLOBAL_ACCENT_COLOR_NAME = AccentColor;
				CODE_SIGN_ENTITLEMENTS = macOS/macOS.entitlements;
				CODE_SIGN_STYLE = Automatic;
				COMBINE_HIDPI_IMAGES = YES;
				DEVELOPMENT_TEAM = 8SY9TK4CFL;
				ENABLE_HARDENED_RUNTIME = YES;
				ENABLE_PREVIEWS = YES;
				INFOPLIST_FILE = macOS/Info.plist;
				LD_RUNPATH_SEARCH_PATHS = (
					"$(inherited)",
					"@executable_path/../Frameworks",
				);
				MACOSX_DEPLOYMENT_TARGET = 11.0;
				PRODUCT_BUNDLE_IDENTIFIER = "self.Wrapping-Paper-Calculator";
				PRODUCT_NAME = "Wrapping Paper Calculator";
				SDKROOT = macosx;
				SWIFT_VERSION = 5.0;
			};
			name = Release;
		};
/* End XCBuildConfiguration section */

/* Begin XCConfigurationList section */
		F3D012E02592866A006903AC /* Build configuration list for PBXProject "Wrapping Paper Calculator" */ = {
			isa = XCConfigurationList;
			buildConfigurations = (
				F3D012FB2592866B006903AC /* Debug */,
				F3D012FC2592866B006903AC /* Release */,
			);
			defaultConfigurationIsVisible = 0;
			defaultConfigurationName = Release;
		};
		F3D012FD2592866B006903AC /* Build configuration list for PBXNativeTarget "Wrapping Paper Calculator (iOS)" */ = {
			isa = XCConfigurationList;
			buildConfigurations = (
				F3D012FE2592866B006903AC /* Debug */,
				F3D012FF2592866B006903AC /* Release */,
			);
			defaultConfigurationIsVisible = 0;
			defaultConfigurationName = Release;
		};
		F3D013002592866B006903AC /* Build configuration list for PBXNativeTarget "Wrapping Paper Calculator (macOS)" */ = {
			isa = XCConfigurationList;
			buildConfigurations = (
				F3D013012592866B006903AC /* Debug */,
				F3D013022592866B006903AC /* Release */,
			);
			defaultConfigurationIsVisible = 0;
			defaultConfigurationName = Release;
		};
/* End XCConfigurationList section */
	};
	rootObject = F3D012DD2592866A006903AC /* Project object */;
}
